
Microsoft Visual Studio Solution File, Format Version 12.00
# Visual Studio 15
VisualStudioVersion = 15.0.27703.2035
MinimumVisualStudioVersion = 10.0.40219.1
Project("{FAE04EC0-301F-11D3-BF4B-00C04F79EFBC}") = "Fiap06.Web.MVC", "Fiap06.Web.MVC\Fiap06.Web.MVC.csproj", "{04569401-85B6-4DE3-85F8-291ACC18711F}"
EndProject
Global
	GlobalSection(SolutionConfigurationPlatforms) = preSolution
		Debug|Any CPU = Debug|Any CPU
		Release|Any CPU = Release|Any CPU
	EndGlobalSection
	GlobalSection(ProjectConfigurationPlatforms) = postSolution
		{04569401-85B6-4DE3-85F8-291ACC18711F}.Debug|Any CPU.ActiveCfg = Debug|Any CPU
		{04569401-85B6-4DE3-85F8-291ACC18711F}.Debug|Any CPU.Build.0 = Debug|Any CPU
		{04569401-85B6-4DE3-85F8-291ACC18711F}.Release|Any CPU.ActiveCfg = Release|Any CPU
		{04569401-85B6-4DE3-85F8-291ACC18711F}.Release|Any CPU.Build.0 = Release|Any CPU
	EndGlobalSection
	GlobalSection(SolutionProperties) = preSolution
		HideSolutionNode = FALSE
	EndGlobalSection
	GlobalSection(ExtensibilityGlobals) = postSolution
		SolutionGuid = {D8412B31-9819-4F67-98CB-71AFEE614B43}
	EndGlobalSection
EndGlobal
